
Microsoft Visual Studio Solution File, Format Version 12.00
# Visual Studio Version 17
VisualStudioVersion = 17.5.33530.505
MinimumVisualStudioVersion = 10.0.40219.1
Project("{FAE04EC0-301F-11D3-BF4B-00C04F79EFBC}") = "HiveMind_OSC", "HiveMind_OSC\HiveMind_OSC.csproj", "{5B044337-2A06-4D28-A46F-9D1F9B35A92F}"
EndProject
Global
	GlobalSection(SolutionConfigurationPlatforms) = preSolution
		Debug|Any CPU = Debug|Any CPU
		Release|Any CPU = Release|Any CPU
	EndGlobalSection
	GlobalSection(ProjectConfigurationPlatforms) = postSolution
		{5B044337-2A06-4D28-A46F-9D1F9B35A92F}.Debug|Any CPU.ActiveCfg = Debug|Any CPU
		{5B044337-2A06-4D28-A46F-9D1F9B35A92F}.Debug|Any CPU.Build.0 = Debug|Any CPU
		{5B044337-2A06-4D28-A46F-9D1F9B35A92F}.Release|Any CPU.ActiveCfg = Release|Any CPU
		{5B044337-2A06-4D28-A46F-9D1F9B35A92F}.Release|Any CPU.Build.0 = Release|Any CPU
	EndGlobalSection
	GlobalSection(SolutionProperties) = preSolution
		HideSolutionNode = FALSE
	EndGlobalSection
	GlobalSection(ExtensibilityGlobals) = postSolution
		SolutionGuid = {B8DFD307-4CD8-49C7-A005-5A49D1D2C54A}
	EndGlobalSection
EndGlobal
